// !$*UTF8*$!
{
	archiveVersion = 1;
	classes = {
	};
	objectVersion = 50;
	objects = {

/* Begin PBXBuildFile section */
		46CFAE6220ED87C200750C52 /* AppDelegate.swift in Sources */ = {isa = PBXBuildFile; fileRef = 46CFAE6120ED87C100750C52 /* AppDelegate.swift */; };
		46CFAE6420ED87C200750C52 /* ViewController.swift in Sources */ = {isa = PBXBuildFile; fileRef = 46CFAE6320ED87C200750C52 /* ViewController.swift */; };
		46CFAE6720ED87C200750C52 /* Main.storyboard in Resources */ = {isa = PBXBuildFile; fileRef = 46CFAE6520ED87C200750C52 /* Main.storyboard */; };
		46CFAE6920ED87C300750C52 /* Assets.xcassets in Resources */ = {isa = PBXBuildFile; fileRef = 46CFAE6820ED87C300750C52 /* Assets.xcassets */; };
		46CFAE6C20ED87C300750C52 /* LaunchScreen.storyboard in Resources */ = {isa = PBXBuildFile; fileRef = 46CFAE6A20ED87C300750C52 /* LaunchScreen.storyboard */; };
		46CFAE7420ED88FA00750C52 /* books-clock-clockwork-890849.jpg in Resources */ = {isa = PBXBuildFile; fileRef = 46CFAE7320ED88FA00750C52 /* books-clock-clockwork-890849.jpg */; };
/* End PBXBuildFile section */

/* Begin PBXFileReference section */
		46CFAE5E20ED87C100750C52 /* UIActivityApp.app */ = {isa = PBXFileReference; explicitFileType = wrapper.application; includeInIndex = 0; path = UIActivityApp.app; sourceTree = BUILT_PRODUCTS_DIR; };
		46CFAE6120ED87C100750C52 /* AppDelegate.swift */ = {isa = PBXFileReference; lastKnownFileType = sourcecode.swift; path = AppDelegate.swift; sourceTree = "<group>"; };
		46CFAE6320ED87C200750C52 /* ViewController.swift */ = {isa = PBXFileReference; lastKnownFileType = sourcecode.swift; path = ViewController.swift; sourceTree = "<group>"; };
		46CFAE6620ED87C200750C52 /* Base */ = {isa = PBXFileReference; lastKnownFileType = file.storyboard; name = Base; path = Base.lproj/Main.storyboard; sourceTree = "<group>"; };
		46CFAE6820ED87C300750C52 /* Assets.xcassets */ = {isa = PBXFileReference; lastKnownFileType = folder.assetcatalog; path = Assets.xcassets; sourceTree = "<group>"; };
		46CFAE6B20ED87C300750C52 /* Base */ = {isa = PBXFileReference; lastKnownFileType = file.storyboard; name = Base; path = Base.lproj/LaunchScreen.storyboard; sourceTree = "<group>"; };
		46CFAE6D20ED87C300750C52 /* Info.plist */ = {isa = PBXFileReference; lastKnownFileType = text.plist.xml; path = Info.plist; sourceTree = "<group>"; };
		46CFAE7320ED88FA00750C52 /* books-clock-clockwork-890849.jpg */ = {isa = PBXFileReference; lastKnownFileType = image.jpeg; path = "books-clock-clockwork-890849.jpg"; sourceTree = "<group>"; };
/* End PBXFileReference section */

/* Begin PBXFrameworksBuildPhase section */
		46CFAE5B20ED87C100750C52 /* Frameworks */ = {
			isa = PBXFrameworksBuildPhase;
			buildActionMask = 2147483647;
			files = (
			);
			runOnlyForDeploymentPostprocessing = 0;
		};
/* End PBXFrameworksBuildPhase section */

/* Begin PBXGroup section */
		46CFAE5520ED87C100750C52 = {
			isa = PBXGroup;
			children = (
				46CFAE6020ED87C100750C52 /* UIActivityApp */,
				46CFAE5F20ED87C100750C52 /* Products */,
			);
			sourceTree = "<group>";
		};
		46CFAE5F20ED87C100750C52 /* Products */ = {
			isa = PBXGroup;
			children = (
				46CFAE5E20ED87C100750C52 /* UIActivityApp.app */,
			);
			name = Products;
			sourceTree = "<group>";
		};
		46CFAE6020ED87C100750C52 /* UIActivityApp */ = {
			isa = PBXGroup;
			children = (
				46CFAE6120ED87C100750C52 /* AppDelegate.swift */,
				46CFAE6320ED87C200750C52 /* ViewController.swift */,
				46CFAE6520ED87C200750C52 /* Main.storyboard */,
				46CFAE6820ED87C300750C52 /* Assets.xcassets */,
				46CFAE6A20ED87C300750C52 /* LaunchScreen.storyboard */,
				46CFAE7320ED88FA00750C52 /* books-clock-clockwork-890849.jpg */,
				46CFAE6D20ED87C300750C52 /* Info.plist */,
			);
			path = UIActivityApp;
			sourceTree = "<group>";
		};
/* End PBXGroup section */

/* Begin PBXNativeTarget section */
		46CFAE5D20ED87C100750C52 /* UIActivityApp */ = {
			isa = PBXNativeTarget;
			buildConfigurationList = 46CFAE7020ED87C300750C52 /* Build configuration list for PBXNativeTarget "UIActivityApp" */;
			buildPhases = (
				46CFAE5A20ED87C100750C52 /* Sources */,
				46CFAE5B20ED87C100750C52 /* Frameworks */,
				46CFAE5C20ED87C100750C52 /* Resources */,
			);
			buildRules = (
			);
			dependencies = (
			);
			name = UIActivityApp;
			productName = UIActivityApp;
			productReference = 46CFAE5E20ED87C100750C52 /* UIActivityApp.app */;
			productType = "com.apple.product-type.application";
		};
/* End PBXNativeTarget section */

/* Begin PBXProject section */
		46CFAE5620ED87C100750C52 /* Project object */ = {
			isa = PBXProject;
			attributes = {
				LastSwiftUpdateCheck = 0940;
				LastUpgradeCheck = 0940;
				ORGANIZATIONNAME = "Nobuhiro Takahashi";
				TargetAttributes = {
					46CFAE5D20ED87C100750C52 = {
						CreatedOnToolsVersion = 9.4.1;
					};
				};
			};
			buildConfigurationList = 46CFAE5920ED87C100750C52 /* Build configuration list for PBXProject "UIActivityApp" */;
			compatibilityVersion = "Xcode 9.3";
			developmentRegion = en;
			hasScannedForEncodings = 0;
			knownRegions = (
				en,
				Base,
			);
			mainGroup = 46CFAE5520ED87C100750C52;
			productRefGroup = 46CFAE5F20ED87C100750C52 /* Products */;
			projectDirPath = "";
			projectRoot = "";
			targets = (
				46CFAE5D20ED87C100750C52 /* UIActivityApp */,
			);
		};
/* End PBXProject section */

/* Begin PBXResourcesBuildPhase section */
		46CFAE5C20ED87C100750C52 /* Resources */ = {
			isa = PBXResourcesBuildPhase;
			buildActionMask = 2147483647;
			files = (
				46CFAE6C20ED87C300750C52 /* LaunchScreen.storyboard in Resources */,
				46CFAE6920ED87C300750C52 /* Assets.xcassets in Resources */,
				46CFAE7420ED88FA00750C52 /* books-clock-clockwork-890849.jpg in Resources */,
				46CFAE6720ED87C200750C52 /* Main.storyboard in Resources */,
			);
			runOnlyForDeploymentPostprocessing = 0;
		};
/* End PBXResourcesBuildPhase section */

/* Begin PBXSourcesBuildPhase section */
		46CFAE5A20ED87C100750C52 /* Sources */ = {
			isa = PBXSourcesBuildPhase;
			buildActionMask = 2147483647;
			files = (
				46CFAE6420ED87C200750C52 /* ViewController.swift in Sources */,
				46CFAE6220ED87C200750C52 /* AppDelegate.swift in Sources */,
			);
			runOnlyForDeploymentPostprocessing = 0;
		};
/* End PBXSourcesBuildPhase section */

/* Begin PBXVariantGroup section */
		46CFAE6520ED87C200750C52 /* Main.storyboard */ = {
			isa = PBXVariantGroup;
			children = (
				46CFAE6620ED87C200750C52 /* Base */,
			);
			name = Main.storyboard;
			sourceTree = "<group>";
		};
		46CFAE6A20ED87C300750C52 /* LaunchScreen.storyboard */ = {
			isa = PBXVariantGroup;
			children = (
				46CFAE6B20ED87C300750C52 /* Base */,
			);
			name = LaunchScreen.storyboard;
			sourceTree = "<group>";
		};
/* End PBXVariantGroup section */

/* Begin XCBuildConfiguration section */
		46CFAE6E20ED87C300750C52 /* Debug */ = {
			isa = XCBuildConfiguration;
			buildSettings = {
				ALWAYS_SEARCH_USER_PATHS = NO;
				CLANG_ANALYZER_NONNULL = YES;
				CLANG_ANALYZER_NUMBER_OBJECT_CONVERSION = YES_AGGRESSIVE;
				CLANG_CXX_LANGUAGE_STANDARD = "gnu++14";
				CLANG_CXX_LIBRARY = "libc++";
				CLANG_ENABLE_MODULES = YES;
				CLANG_ENABLE_OBJC_ARC = YES;
				CLANG_ENABLE_OBJC_WEAK = YES;
				CLANG_WARN_BLOCK_CAPTURE_AUTORELEASING = YES;
				CLANG_WARN_BOOL_CONVERSION = YES;
				CLANG_WARN_COMMA = YES;
				CLANG_WARN_CONSTANT_CONVERSION = YES;
				CLANG_WARN_DEPRECATED_OBJC_IMPLEMENTATIONS = YES;
				CLANG_WARN_DIRECT_OBJC_ISA_USAGE = YES_ERROR;
				CLANG_WARN_DOCUMENTATION_COMMENTS = YES;
				CLANG_WARN_EMPTY_BODY = YES;
				CLANG_WARN_ENUM_CONVERSION = YES;
				CLANG_WARN_INFINITE_RECURSION = YES;
				CLANG_WARN_INT_CONVERSION = YES;
				CLANG_WARN_NON_LITERAL_NULL_CONVERSION = YES;
				CLANG_WARN_OBJC_IMPLICIT_RETAIN_SELF = YES;
				CLANG_WARN_OBJC_LITERAL_CONVERSION = YES;
				CLANG_WARN_OBJC_ROOT_CLASS = YES_ERROR;
				CLANG_WARN_RANGE_LOOP_ANALYSIS = YES;
				CLANG_WARN_STRICT_PROTOTYPES = YES;
				CLANG_WARN_SUSPICIOUS_MOVE = YES;
				CLANG_WARN_UNGUARDED_AVAILABILITY = YES_AGGRESSIVE;
				CLANG_WARN_UNREACHABLE_CODE = YES;
				CLANG_WARN__DUPLICATE_METHOD_MATCH = YES;
				CODE_SIGN_IDENTITY = "iPhone Developer";
				COPY_PHASE_STRIP = NO;
				DEBUG_INFORMATION_FORMAT = dwarf;
				ENABLE_STRICT_OBJC_MSGSEND = YES;
				ENABLE_TESTABILITY = YES;
				GCC_C_LANGUAGE_STANDARD = gnu11;
				GCC_DYNAMIC_NO_PIC = NO;
				GCC_NO_COMMON_BLOCKS = YES;
				GCC_OPTIMIZATION_LEVEL = 0;
				GCC_PREPROCESSOR_DEFINITIONS = (
					"DEBUG=1",
					"$(inherited)",
				);
				GCC_WARN_64_TO_32_BIT_CONVERSION = YES;
				GCC_WARN_ABOUT_RETURN_TYPE = YES_ERROR;
				GCC_WARN_UNDECLARED_SELECTOR = YES;
				GCC_WARN_UNINITIALIZED_AUTOS = YES_AGGRESSIVE;
				GCC_WARN_UNUSED_FUNCTION = YES;
				GCC_WARN_UNUSED_VARIABLE = YES;
				IPHONEOS_DEPLOYMENT_TARGET = 11.4;
				MTL_ENABLE_DEBUG_INFO = YES;
				ONLY_ACTIVE_ARCH = YES;
				SDKROOT = iphoneos;
				SWIFT_ACTIVE_COMPILATION_CONDITIONS = DEBUG;
				SWIFT_OPTIMIZATION_LEVEL = "-Onone";
			};
			name = Debug;
		};
		46CFAE6F20ED87C300750C52 /* Release */ = {
			isa = XCBuildConfiguration;
			buildSettings = {
				ALWAYS_SEARCH_USER_PATHS = NO;
				CLANG_ANALYZER_NONNULL = YES;
				CLANG_ANALYZER_NUMBER_OBJECT_CONVERSION = YES_AGGRESSIVE;
				CLANG_CXX_LANGUAGE_STANDARD = "gnu++14";
				CLANG_CXX_LIBRARY = "libc++";
				CLANG_ENABLE_MODULES = YES;
				CLANG_ENABLE_OBJC_ARC = YES;
				CLANG_ENABLE_OBJC_WEAK = YES;
				CLANG_WARN_BLOCK_CAPTURE_AUTORELEASING = YES;
				CLANG_WARN_BOOL_CONVERSION = YES;
				CLANG_WARN_COMMA = YES;
				CLANG_WARN_CONSTANT_CONVERSION = YES;
				CLANG_WARN_DEPRECATED_OBJC_IMPLEMENTATIONS = YES;
				CLANG_WARN_DIRECT_OBJC_ISA_USAGE = YES_ERROR;
				CLANG_WARN_DOCUMENTATION_COMMENTS = YES;
				CLANG_WARN_EMPTY_BODY = YES;
				CLANG_WARN_ENUM_CONVERSION = YES;
				CLANG_WARN_INFINITE_RECURSION = YES;
				CLANG_WARN_INT_CONVERSION = YES;
				CLANG_WARN_NON_LITERAL_NULL_CONVERSION = YES;
				CLANG_WARN_OBJC_IMPLICIT_RETAIN_SELF = YES;
				CLANG_WARN_OBJC_LITERAL_CONVERSION = YES;
				CLANG_WARN_OBJC_ROOT_CLASS = YES_ERROR;
				CLANG_WARN_RANGE_LOOP_ANALYSIS = YES;
				CLANG_WARN_STRICT_PROTOTYPES = YES;
				CLANG_WARN_SUSPICIOUS_MOVE = YES;
				CLANG_WARN_UNGUARDED_AVAILABILITY = YES_AGGRESSIVE;
				CLANG_WARN_UNREACHABLE_CODE = YES;
				CLANG_WARN__DUPLICATE_METHOD_MATCH = YES;
				CODE_SIGN_IDENTITY = "iPhone Developer";
				COPY_PHASE_STRIP = NO;
				DEBUG_INFORMATION_FORMAT = "dwarf-with-dsym";
				ENABLE_NS_ASSERTIONS = NO;
				ENABLE_STRICT_OBJC_MSGSEND = YES;
				GCC_C_LANGUAGE_STANDARD = gnu11;
				GCC_NO_COMMON_BLOCKS = YES;
				GCC_WARN_64_TO_32_BIT_CONVERSION = YES;
				GCC_WARN_ABOUT_RETURN_TYPE = YES_ERROR;
				GCC_WARN_UNDECLARED_SELECTOR = YES;
				GCC_WARN_UNINITIALIZED_AUTOS = YES_AGGRESSIVE;
				GCC_WARN_UNUSED_FUNCTION = YES;
				GCC_WARN_UNUSED_VARIABLE = YES;
				IPHONEOS_DEPLOYMENT_TARGET = 11.4;
				MTL_ENABLE_DEBUG_INFO = NO;
				SDKROOT = iphoneos;
				SWIFT_COMPILATION_MODE = wholemodule;
				SWIFT_OPTIMIZATION_LEVEL = "-O";
				VALIDATE_PRODUCT = YES;
			};
			name = Release;
		};
		46CFAE7120ED87C300750C52 /* Debug */ = {
			isa = XCBuildConfiguration;
			buildSettings = {
				ASSETCATALOG_COMPILER_APPICON_NAME = AppIcon;
				CODE_SIGN_STYLE = Automatic;
				DEVELOPMENT_TEAM = LPN23T94U7;
				INFOPLIST_FILE = UIActivityApp/Info.plist;
				LD_RUNPATH_SEARCH_PATHS = (
					"$(inherited)",
					"@executable_path/Frameworks",
				);
				PRODUCT_BUNDLE_IDENTIFIER = jp.feb19.UIActivityApp;
				PRODUCT_NAME = "$(TARGET_NAME)";
				SWIFT_VERSION = 4.0;
				TARGETED_DEVICE_FAMILY = "1,2";
			};
			name = Debug;
		};
		46CFAE7220ED87C300750C52 /* Release */ = {
			isa = XCBuildConfiguration;
			buildSettings = {
				ASSETCATALOG_COMPILER_APPICON_NAME = AppIcon;
				CODE_SIGN_STYLE = Automatic;
				DEVELOPMENT_TEAM = LPN23T94U7;
				INFOPLIST_FILE = UIActivityApp/Info.plist;
				LD_RUNPATH_SEARCH_PATHS = (
					"$(inherited)",
					"@executable_path/Frameworks",
				);
				PRODUCT_BUNDLE_IDENTIFIER = jp.feb19.UIActivityApp;
				PRODUCT_NAME = "$(TARGET_NAME)";
				SWIFT_VERSION = 4.0;
				TARGETED_DEVICE_FAMILY = "1,2";
			};
			name = Release;
		};
/* End XCBuildConfiguration section */

/* Begin XCConfigurationList section */
		46CFAE5920ED87C100750C52 /* Build configuration list for PBXProject "UIActivityApp" */ = {
			isa = XCConfigurationList;
			buildConfigurations = (
				46CFAE6E20ED87C300750C52 /* Debug */,
				46CFAE6F20ED87C300750C52 /* Release */,
			);
			defaultConfigurationIsVisible = 0;
			defaultConfigurationName = Release;
		};
		46CFAE7020ED87C300750C52 /* Build configuration list for PBXNativeTarget "UIActivityApp" */ = {
			isa = XCConfigurationList;
			buildConfigurations = (
				46CFAE7120ED87C300750C52 /* Debug */,
				46CFAE7220ED87C300750C52 /* Release */,
			);
			defaultConfigurationIsVisible = 0;
			defaultConfigurationName = Release;
		};
/* End XCConfigurationList section */
	};
	rootObject = 46CFAE5620ED87C100750C52 /* Project object */;
}
